// !$*UTF8*$!
{
	archiveVersion = 1;
	classes = {
	};
	objectVersion = 56;
	objects = {

/* Begin PBXBuildFile section */
		22CBA22C28E8A1260027C0BE /* AppDelegate.swift in Sources */ = {isa = PBXBuildFile; fileRef = 22CBA22B28E8A1260027C0BE /* AppDelegate.swift */; };
		22CBA22E28E8A1260027C0BE /* SceneDelegate.swift in Sources */ = {isa = PBXBuildFile; fileRef = 22CBA22D28E8A1260027C0BE /* SceneDelegate.swift */; };
		22CBA23028E8A1260027C0BE /* ViewController.swift in Sources */ = {isa = PBXBuildFile; fileRef = 22CBA22F28E8A1260027C0BE /* ViewController.swift */; };
		22CBA23328E8A1260027C0BE /* Main.storyboard in Resources */ = {isa = PBXBuildFile; fileRef = 22CBA23128E8A1260027C0BE /* Main.storyboard */; };
		22CBA23528E8A1280027C0BE /* Assets.xcassets in Resources */ = {isa = PBXBuildFile; fileRef = 22CBA23428E8A1280027C0BE /* Assets.xcassets */; };
		22CBA23828E8A1280027C0BE /* LaunchScreen.storyboard in Resources */ = {isa = PBXBuildFile; fileRef = 22CBA23628E8A1280027C0BE /* LaunchScreen.storyboard */; };
		22CBA24628E8A2840027C0BE /* UniformTypeIdentifiers.framework in Frameworks */ = {isa = PBXBuildFile; fileRef = 22CBA24528E8A2840027C0BE /* UniformTypeIdentifiers.framework */; };
		22CBA24928E8A2840027C0BE /* Media.xcassets in Resources */ = {isa = PBXBuildFile; fileRef = 22CBA24828E8A2840027C0BE /* Media.xcassets */; };
		22CBA24B28E8A2840027C0BE /* ActionViewController.swift in Sources */ = {isa = PBXBuildFile; fileRef = 22CBA24A28E8A2840027C0BE /* ActionViewController.swift */; };
		22CBA24E28E8A2840027C0BE /* MainInterface.storyboard in Resources */ = {isa = PBXBuildFile; fileRef = 22CBA24C28E8A2840027C0BE /* MainInterface.storyboard */; };
		22CBA25228E8A2840027C0BE /* Extension.appex in Embed Foundation Extensions */ = {isa = PBXBuildFile; fileRef = 22CBA24328E8A2840027C0BE /* Extension.appex */; settings = {ATTRIBUTES = (RemoveHeadersOnCopy, ); }; };
		22CBA25828E8A5370027C0BE /* Action.js in Resources */ = {isa = PBXBuildFile; fileRef = 22CBA25728E8A5370027C0BE /* Action.js */; };
/* End PBXBuildFile section */

/* Begin PBXContainerItemProxy section */
		22CBA25028E8A2840027C0BE /* PBXContainerItemProxy */ = {
			isa = PBXContainerItemProxy;
			containerPortal = 22CBA22028E8A1260027C0BE /* Project object */;
			proxyType = 1;
			remoteGlobalIDString = 22CBA24228E8A2840027C0BE;
			remoteInfo = Extension;
		};
/* End PBXContainerItemProxy section */

/* Begin PBXCopyFilesBuildPhase section */
		22CBA25628E8A2840027C0BE /* Embed Foundation Extensions */ = {
			isa = PBXCopyFilesBuildPhase;
			buildActionMask = 2147483647;
			dstPath = "";
			dstSubfolderSpec = 13;
			files = (
				22CBA25228E8A2840027C0BE /* Extension.appex in Embed Foundation Extensions */,
			);
			name = "Embed Foundation Extensions";
			runOnlyForDeploymentPostprocessing = 0;
		};
/* End PBXCopyFilesBuildPhase section */

/* Begin PBXFileReference section */
		22CBA22828E8A1260027C0BE /* SafariExtension.app */ = {isa = PBXFileReference; explicitFileType = wrapper.application; includeInIndex = 0; path = SafariExtension.app; sourceTree = BUILT_PRODUCTS_DIR; };
		22CBA22B28E8A1260027C0BE /* AppDelegate.swift */ = {isa = PBXFileReference; lastKnownFileType = sourcecode.swift; path = AppDelegate.swift; sourceTree = "<group>"; };
		22CBA22D28E8A1260027C0BE /* SceneDelegate.swift */ = {isa = PBXFileReference; lastKnownFileType = sourcecode.swift; path = SceneDelegate.swift; sourceTree = "<group>"; };
		22CBA22F28E8A1260027C0BE /* ViewController.swift */ = {isa = PBXFileReference; lastKnownFileType = sourcecode.swift; path = ViewController.swift; sourceTree = "<group>"; };
		22CBA23228E8A1260027C0BE /* Base */ = {isa = PBXFileReference; lastKnownFileType = file.storyboard; name = Base; path = Base.lproj/Main.storyboard; sourceTree = "<group>"; };
		22CBA23428E8A1280027C0BE /* Assets.xcassets */ = {isa = PBXFileReference; lastKnownFileType = folder.assetcatalog; path = Assets.xcassets; sourceTree = "<group>"; };
		22CBA23728E8A1280027C0BE /* Base */ = {isa = PBXFileReference; lastKnownFileType = file.storyboard; name = Base; path = Base.lproj/LaunchScreen.storyboard; sourceTree = "<group>"; };
		22CBA23928E8A1280027C0BE /* Info.plist */ = {isa = PBXFileReference; lastKnownFileType = text.plist.xml; path = Info.plist; sourceTree = "<group>"; };
		22CBA24328E8A2840027C0BE /* Extension.appex */ = {isa = PBXFileReference; explicitFileType = "wrapper.app-extension"; includeInIndex = 0; path = Extension.appex; sourceTree = BUILT_PRODUCTS_DIR; };
		22CBA24528E8A2840027C0BE /* UniformTypeIdentifiers.framework */ = {isa = PBXFileReference; lastKnownFileType = wrapper.framework; name = UniformTypeIdentifiers.framework; path = System/Library/Frameworks/UniformTypeIdentifiers.framework; sourceTree = SDKROOT; };
		22CBA24828E8A2840027C0BE /* Media.xcassets */ = {isa = PBXFileReference; lastKnownFileType = folder.assetcatalog; path = Media.xcassets; sourceTree = "<group>"; };
		22CBA24A28E8A2840027C0BE /* ActionViewController.swift */ = {isa = PBXFileReference; lastKnownFileType = sourcecode.swift; path = ActionViewController.swift; sourceTree = "<group>"; };
		22CBA24D28E8A2840027C0BE /* Base */ = {isa = PBXFileReference; lastKnownFileType = file.storyboard; name = Base; path = Base.lproj/MainInterface.storyboard; sourceTree = "<group>"; };
		22CBA24F28E8A2840027C0BE /* Info.plist */ = {isa = PBXFileReference; lastKnownFileType = text.plist.xml; path = Info.plist; sourceTree = "<group>"; };
		22CBA25728E8A5370027C0BE /* Action.js */ = {isa = PBXFileReference; lastKnownFileType = sourcecode.javascript; path = Action.js; sourceTree = "<group>"; };
/* End PBXFileReference section */

/* Begin PBXFrameworksBuildPhase section */
		22CBA22528E8A1260027C0BE /* Frameworks */ = {
			isa = PBXFrameworksBuildPhase;
			buildActionMask = 2147483647;
			files = (
			);
			runOnlyForDeploymentPostprocessing = 0;
		};
		22CBA24028E8A2840027C0BE /* Frameworks */ = {
			isa = PBXFrameworksBuildPhase;
			buildActionMask = 2147483647;
			files = (
				22CBA24628E8A2840027C0BE /* UniformTypeIdentifiers.framework in Frameworks */,
			);
			runOnlyForDeploymentPostprocessing = 0;
		};
/* End PBXFrameworksBuildPhase section */

/* Begin PBXGroup section */
		22CBA21F28E8A1260027C0BE = {
			isa = PBXGroup;
			children = (
				22CBA22A28E8A1260027C0BE /* SafariExtension */,
				22CBA24728E8A2840027C0BE /* Extension */,
				22CBA24428E8A2840027C0BE /* Frameworks */,
				22CBA22928E8A1260027C0BE /* Products */,
			);
			sourceTree = "<group>";
		};
		22CBA22928E8A1260027C0BE /* Products */ = {
			isa = PBXGroup;
			children = (
				22CBA22828E8A1260027C0BE /* SafariExtension.app */,
				22CBA24328E8A2840027C0BE /* Extension.appex */,
			);
			name = Products;
			sourceTree = "<group>";
		};
		22CBA22A28E8A1260027C0BE /* SafariExtension */ = {
			isa = PBXGroup;
			children = (
				22CBA22B28E8A1260027C0BE /* AppDelegate.swift */,
				22CBA22D28E8A1260027C0BE /* SceneDelegate.swift */,
				22CBA22F28E8A1260027C0BE /* ViewController.swift */,
				22CBA23128E8A1260027C0BE /* Main.storyboard */,
				22CBA23428E8A1280027C0BE /* Assets.xcassets */,
				22CBA23628E8A1280027C0BE /* LaunchScreen.storyboard */,
				22CBA23928E8A1280027C0BE /* Info.plist */,
			);
			path = SafariExtension;
			sourceTree = "<group>";
		};
		22CBA24428E8A2840027C0BE /* Frameworks */ = {
			isa = PBXGroup;
			children = (
				22CBA24528E8A2840027C0BE /* UniformTypeIdentifiers.framework */,
			);
			name = Frameworks;
			sourceTree = "<group>";
		};
		22CBA24728E8A2840027C0BE /* Extension */ = {
			isa = PBXGroup;
			children = (
				22CBA24828E8A2840027C0BE /* Media.xcassets */,
				22CBA24A28E8A2840027C0BE /* ActionViewController.swift */,
				22CBA24C28E8A2840027C0BE /* MainInterface.storyboard */,
				22CBA24F28E8A2840027C0BE /* Info.plist */,
				22CBA25728E8A5370027C0BE /* Action.js */,
			);
			path = Extension;
			sourceTree = "<group>";
		};
/* End PBXGroup section */

/* Begin PBXNativeTarget section */
		22CBA22728E8A1260027C0BE /* SafariExtension */ = {
			isa = PBXNativeTarget;
			buildConfigurationList = 22CBA23C28E8A1280027C0BE /* Build configuration list for PBXNativeTarget "SafariExtension" */;
			buildPhases = (
				22CBA22428E8A1260027C0BE /* Sources */,
				22CBA22528E8A1260027C0BE /* Frameworks */,
				22CBA22628E8A1260027C0BE /* Resources */,
				22CBA25628E8A2840027C0BE /* Embed Foundation Extensions */,
			);
			buildRules = (
			);
			dependencies = (
				22CBA25128E8A2840027C0BE /* PBXTargetDependency */,
			);
			name = SafariExtension;
			productName = SafariExtension;
			productReference = 22CBA22828E8A1260027C0BE /* SafariExtension.app */;
			productType = "com.apple.product-type.application";
		};
		22CBA24228E8A2840027C0BE /* Extension */ = {
			isa = PBXNativeTarget;
			buildConfigurationList = 22CBA25328E8A2840027C0BE /* Build configuration list for PBXNativeTarget "Extension" */;
			buildPhases = (
				22CBA23F28E8A2840027C0BE /* Sources */,
				22CBA24028E8A2840027C0BE /* Frameworks */,
				22CBA24128E8A2840027C0BE /* Resources */,
			);
			buildRules = (
			);
			dependencies = (
			);
			name = Extension;
			productName = Extension;
			productReference = 22CBA24328E8A2840027C0BE /* Extension.appex */;
			productType = "com.apple.product-type.app-extension";
		};
/* End PBXNativeTarget section */

/* Begin PBXProject section */
		22CBA22028E8A1260027C0BE /* Project object */ = {
			isa = PBXProject;
			attributes = {
				BuildIndependentTargetsInParallel = 1;
				LastSwiftUpdateCheck = 1400;
				LastUpgradeCheck = 1400;
				TargetAttributes = {
					22CBA22728E8A1260027C0BE = {
						CreatedOnToolsVersion = 14.0;
					};
					22CBA24228E8A2840027C0BE = {
						CreatedOnToolsVersion = 14.0;
					};
				};
			};
			buildConfigurationList = 22CBA22328E8A1260027C0BE /* Build configuration list for PBXProject "SafariExtension" */;
			compatibilityVersion = "Xcode 14.0";
			developmentRegion = en;
			hasScannedForEncodings = 0;
			knownRegions = (
				en,
				Base,
			);
			mainGroup = 22CBA21F28E8A1260027C0BE;
			productRefGroup = 22CBA22928E8A1260027C0BE /* Products */;
			projectDirPath = "";
			projectRoot = "";
			targets = (
				22CBA22728E8A1260027C0BE /* SafariExtension */,
				22CBA24228E8A2840027C0BE /* Extension */,
			);
		};
/* End PBXProject section */

/* Begin PBXResourcesBuildPhase section */
		22CBA22628E8A1260027C0BE /* Resources */ = {
			isa = PBXResourcesBuildPhase;
			buildActionMask = 2147483647;
			files = (
				22CBA23828E8A1280027C0BE /* LaunchScreen.storyboard in Resources */,
				22CBA23528E8A1280027C0BE /* Assets.xcassets in Resources */,
				22CBA23328E8A1260027C0BE /* Main.storyboard in Resources */,
			);
			runOnlyForDeploymentPostprocessing = 0;
		};
		22CBA24128E8A2840027C0BE /* Resources */ = {
			isa = PBXResourcesBuildPhase;
			buildActionMask = 2147483647;
			files = (
				22CBA25828E8A5370027C0BE /* Action.js in Resources */,
				22CBA24928E8A2840027C0BE /* Media.xcassets in Resources */,
				22CBA24E28E8A2840027C0BE /* MainInterface.storyboard in Resources */,
			);
			runOnlyForDeploymentPostprocessing = 0;
		};
/* End PBXResourcesBuildPhase section */

/* Begin PBXSourcesBuildPhase section */
		22CBA22428E8A1260027C0BE /* Sources */ = {
			isa = PBXSourcesBuildPhase;
			buildActionMask = 2147483647;
			files = (
				22CBA23028E8A1260027C0BE /* ViewController.swift in Sources */,
				22CBA22C28E8A1260027C0BE /* AppDelegate.swift in Sources */,
				22CBA22E28E8A1260027C0BE /* SceneDelegate.swift in Sources */,
			);
			runOnlyForDeploymentPostprocessing = 0;
		};
		22CBA23F28E8A2840027C0BE /* Sources */ = {
			isa = PBXSourcesBuildPhase;
			buildActionMask = 2147483647;
			files = (
				22CBA24B28E8A2840027C0BE /* ActionViewController.swift in Sources */,
			);
			runOnlyForDeploymentPostprocessing = 0;
		};
/* End PBXSourcesBuildPhase section */

/* Begin PBXTargetDependency section */
		22CBA25128E8A2840027C0BE /* PBXTargetDependency */ = {
			isa = PBXTargetDependency;
			target = 22CBA24228E8A2840027C0BE /* Extension */;
			targetProxy = 22CBA25028E8A2840027C0BE /* PBXContainerItemProxy */;
		};
/* End PBXTargetDependency section */

/* Begin PBXVariantGroup section */
		22CBA23128E8A1260027C0BE /* Main.storyboard */ = {
			isa = PBXVariantGroup;
			children = (
				22CBA23228E8A1260027C0BE /* Base */,
			);
			name = Main.storyboard;
			sourceTree = "<group>";
		};
		22CBA23628E8A1280027C0BE /* LaunchScreen.storyboard */ = {
			isa = PBXVariantGroup;
			children = (
				22CBA23728E8A1280027C0BE /* Base */,
			);
			name = LaunchScreen.storyboard;
			sourceTree = "<group>";
		};
		22CBA24C28E8A2840027C0BE /* MainInterface.storyboard */ = {
			isa = PBXVariantGroup;
			children = (
				22CBA24D28E8A2840027C0BE /* Base */,
			);
			name = MainInterface.storyboard;
			sourceTree = "<group>";
		};
/* End PBXVariantGroup section */

/* Begin XCBuildConfiguration section */
		22CBA23A28E8A1280027C0BE /* Debug */ = {
			isa = XCBuildConfiguration;
			buildSettings = {
				ALWAYS_SEARCH_USER_PATHS = NO;
				CLANG_ANALYZER_NONNULL = YES;
				CLANG_ANALYZER_NUMBER_OBJECT_CONVERSION = YES_AGGRESSIVE;
				CLANG_CXX_LANGUAGE_STANDARD = "gnu++20";
				CLANG_ENABLE_MODULES = YES;
				CLANG_ENABLE_OBJC_ARC = YES;
				CLANG_ENABLE_OBJC_WEAK = YES;
				CLANG_WARN_BLOCK_CAPTURE_AUTORELEASING = YES;
				CLANG_WARN_BOOL_CONVERSION = YES;
				CLANG_WARN_COMMA = YES;
				CLANG_WARN_CONSTANT_CONVERSION = YES;
				CLANG_WARN_DEPRECATED_OBJC_IMPLEMENTATIONS = YES;
				CLANG_WARN_DIRECT_OBJC_ISA_USAGE = YES_ERROR;
				CLANG_WARN_DOCUMENTATION_COMMENTS = YES;
				CLANG_WARN_EMPTY_BODY = YES;
				CLANG_WARN_ENUM_CONVERSION = YES;
				CLANG_WARN_INFINITE_RECURSION = YES;
				CLANG_WARN_INT_CONVERSION = YES;
				CLANG_WARN_NON_LITERAL_NULL_CONVERSION = YES;
				CLANG_WARN_OBJC_IMPLICIT_RETAIN_SELF = YES;
				CLANG_WARN_OBJC_LITERAL_CONVERSION = YES;
				CLANG_WARN_OBJC_ROOT_CLASS = YES_ERROR;
				CLANG_WARN_QUOTED_INCLUDE_IN_FRAMEWORK_HEADER = YES;
				CLANG_WARN_RANGE_LOOP_ANALYSIS = YES;
				CLANG_WARN_STRICT_PROTOTYPES = YES;
				CLANG_WARN_SUSPICIOUS_MOVE = YES;
				CLANG_WARN_UNGUARDED_AVAILABILITY = YES_AGGRESSIVE;
				CLANG_WARN_UNREACHABLE_CODE = YES;
				CLANG_WARN__DUPLICATE_METHOD_MATCH = YES;
				COPY_PHASE_STRIP = NO;
				DEBUG_INFORMATION_FORMAT = dwarf;
				ENABLE_STRICT_OBJC_MSGSEND = YES;
				ENABLE_TESTABILITY = YES;
				GCC_C_LANGUAGE_STANDARD = gnu11;
				GCC_DYNAMIC_NO_PIC = NO;
				GCC_NO_COMMON_BLOCKS = YES;
				GCC_OPTIMIZATION_LEVEL = 0;
				GCC_PREPROCESSOR_DEFINITIONS = (
					"DEBUG=1",
					"$(inherited)",
				);
				GCC_WARN_64_TO_32_BIT_CONVERSION = YES;
				GCC_WARN_ABOUT_RETURN_TYPE = YES_ERROR;
				GCC_WARN_UNDECLARED_SELECTOR = YES;
				GCC_WARN_UNINITIALIZED_AUTOS = YES_AGGRESSIVE;
				GCC_WARN_UNUSED_FUNCTION = YES;
				GCC_WARN_UNUSED_VARIABLE = YES;
				IPHONEOS_DEPLOYMENT_TARGET = 16.0;
				MTL_ENABLE_DEBUG_INFO = INCLUDE_SOURCE;
				MTL_FAST_MATH = YES;
				ONLY_ACTIVE_ARCH = YES;
				SDKROOT = iphoneos;
				SWIFT_ACTIVE_COMPILATION_CONDITIONS = DEBUG;
				SWIFT_OPTIMIZATION_LEVEL = "-Onone";
			};
			name = Debug;
		};
		22CBA23B28E8A1280027C0BE /* Release */ = {
			isa = XCBuildConfiguration;
			buildSettings = {
				ALWAYS_SEARCH_USER_PATHS = NO;
				CLANG_ANALYZER_NONNULL = YES;
				CLANG_ANALYZER_NUMBER_OBJECT_CONVERSION = YES_AGGRESSIVE;
				CLANG_CXX_LANGUAGE_STANDARD = "gnu++20";
				CLANG_ENABLE_MODULES = YES;
				CLANG_ENABLE_OBJC_ARC = YES;
				CLANG_ENABLE_OBJC_WEAK = YES;
				CLANG_WARN_BLOCK_CAPTURE_AUTORELEASING = YES;
				CLANG_WARN_BOOL_CONVERSION = YES;
				CLANG_WARN_COMMA = YES;
				CLANG_WARN_CONSTANT_CONVERSION = YES;
				CLANG_WARN_DEPRECATED_OBJC_IMPLEMENTATIONS = YES;
				CLANG_WARN_DIRECT_OBJC_ISA_USAGE = YES_ERROR;
				CLANG_WARN_DOCUMENTATION_COMMENTS = YES;
				CLANG_WARN_EMPTY_BODY = YES;
				CLANG_WARN_ENUM_CONVERSION = YES;
				CLANG_WARN_INFINITE_RECURSION = YES;
				CLANG_WARN_INT_CONVERSION = YES;
				CLANG_WARN_NON_LITERAL_NULL_CONVERSION = YES;
				CLANG_WARN_OBJC_IMPLICIT_RETAIN_SELF = YES;
				CLANG_WARN_OBJC_LITERAL_CONVERSION = YES;
				CLANG_WARN_OBJC_ROOT_CLASS = YES_ERROR;
				CLANG_WARN_QUOTED_INCLUDE_IN_FRAMEWORK_HEADER = YES;
				CLANG_WARN_RANGE_LOOP_ANALYSIS = YES;
				CLANG_WARN_STRICT_PROTOTYPES = YES;
				CLANG_WARN_SUSPICIOUS_MOVE = YES;
				CLANG_WARN_UNGUARDED_AVAILABILITY = YES_AGGRESSIVE;
				CLANG_WARN_UNREACHABLE_CODE = YES;
				CLANG_WARN__DUPLICATE_METHOD_MATCH = YES;
				COPY_PHASE_STRIP = NO;
				DEBUG_INFORMATION_FORMAT = "dwarf-with-dsym";
				ENABLE_NS_ASSERTIONS = NO;
				ENABLE_STRICT_OBJC_MSGSEND = YES;
				GCC_C_LANGUAGE_STANDARD = gnu11;
				GCC_NO_COMMON_BLOCKS = YES;
				GCC_WARN_64_TO_32_BIT_CONVERSION = YES;
				GCC_WARN_ABOUT_RETURN_TYPE = YES_ERROR;
				GCC_WARN_UNDECLARED_SELECTOR = YES;
				GCC_WARN_UNINITIALIZED_AUTOS = YES_AGGRESSIVE;
				GCC_WARN_UNUSED_FUNCTION = YES;
				GCC_WARN_UNUSED_VARIABLE = YES;
				IPHONEOS_DEPLOYMENT_TARGET = 16.0;
				MTL_ENABLE_DEBUG_INFO = NO;
				MTL_FAST_MATH = YES;
				SDKROOT = iphoneos;
				SWIFT_COMPILATION_MODE = wholemodule;
				SWIFT_OPTIMIZATION_LEVEL = "-O";
				VALIDATE_PRODUCT = YES;
			};
			name = Release;
		};
		22CBA23D28E8A1280027C0BE /* Debug */ = {
			isa = XCBuildConfiguration;
			buildSettings = {
				ALWAYS_EMBED_SWIFT_STANDARD_LIBRARIES = YES;
				ASSETCATALOG_COMPILER_APPICON_NAME = AppIcon;
				ASSETCATALOG_COMPILER_GLOBAL_ACCENT_COLOR_NAME = AccentColor;
				CODE_SIGN_STYLE = Automatic;
				CURRENT_PROJECT_VERSION = 1;
				DEVELOPMENT_TEAM = 6WM773HLAD;
				GENERATE_INFOPLIST_FILE = YES;
				INFOPLIST_FILE = SafariExtension/Info.plist;
				INFOPLIST_KEY_UIApplicationSupportsIndirectInputEvents = YES;
				INFOPLIST_KEY_UILaunchStoryboardName = LaunchScreen;
				INFOPLIST_KEY_UIMainStoryboardFile = Main;
				INFOPLIST_KEY_UISupportedInterfaceOrientations_iPad = "UIInterfaceOrientationPortrait UIInterfaceOrientationPortraitUpsideDown UIInterfaceOrientationLandscapeLeft UIInterfaceOrientationLandscapeRight";
				INFOPLIST_KEY_UISupportedInterfaceOrientations_iPhone = "UIInterfaceOrientationPortrait UIInterfaceOrientationLandscapeLeft UIInterfaceOrientationLandscapeRight";
				LD_RUNPATH_SEARCH_PATHS = (
					"$(inherited)",
					"@executable_path/Frameworks",
				);
				MARKETING_VERSION = 1.0;
				PRODUCT_BUNDLE_IDENTIFIER = ferhatadiyeke.SafariExtension;
				PRODUCT_NAME = "$(TARGET_NAME)";
				SWIFT_EMIT_LOC_STRINGS = YES;
				SWIFT_VERSION = 5.0;
				TARGETED_DEVICE_FAMILY = "1,2";
			};
			name = Debug;
		};
		22CBA23E28E8A1280027C0BE /* Release */ = {
			isa = XCBuildConfiguration;
			buildSettings = {
				ALWAYS_EMBED_SWIFT_STANDARD_LIBRARIES = YES;
				ASSETCATALOG_COMPILER_APPICON_NAME = AppIcon;
				ASSETCATALOG_COMPILER_GLOBAL_ACCENT_COLOR_NAME = AccentColor;
				CODE_SIGN_STYLE = Automatic;
				CURRENT_PROJECT_VERSION = 1;
				DEVELOPMENT_TEAM = 6WM773HLAD;
				GENERATE_INFOPLIST_FILE = YES;
				INFOPLIST_FILE = SafariExtension/Info.plist;
				INFOPLIST_KEY_UIApplicationSupportsIndirectInputEvents = YES;
				INFOPLIST_KEY_UILaunchStoryboardName = LaunchScreen;
				INFOPLIST_KEY_UIMainStoryboardFile = Main;
				INFOPLIST_KEY_UISupportedInterfaceOrientations_iPad = "UIInterfaceOrientationPortrait UIInterfaceOrientationPortraitUpsideDown UIInterfaceOrientationLandscapeLeft UIInterfaceOrientationLandscapeRight";
				INFOPLIST_KEY_UISupportedInterfaceOrientations_iPhone = "UIInterfaceOrientationPortrait UIInterfaceOrientationLandscapeLeft UIInterfaceOrientationLandscapeRight";
				LD_RUNPATH_SEARCH_PATHS = (
					"$(inherited)",
					"@executable_path/Frameworks",
				);
				MARKETING_VERSION = 1.0;
				PRODUCT_BUNDLE_IDENTIFIER = ferhatadiyeke.SafariExtension;
				PRODUCT_NAME = "$(TARGET_NAME)";
				SWIFT_EMIT_LOC_STRINGS = YES;
				SWIFT_VERSION = 5.0;
				TARGETED_DEVICE_FAMILY = "1,2";
			};
			name = Release;
		};
		22CBA25428E8A2840027C0BE /* Debug */ = {
			isa = XCBuildConfiguration;
			buildSettings = {
				CODE_SIGN_IDENTITY = "Apple Development";
				CODE_SIGN_STYLE = Automatic;
				CURRENT_PROJECT_VERSION = 1;
				DEVELOPMENT_TEAM = "";
				GENERATE_INFOPLIST_FILE = YES;
				INFOPLIST_FILE = Extension/Info.plist;
				INFOPLIST_KEY_CFBundleDisplayName = Extension;
				INFOPLIST_KEY_NSHumanReadableCopyright = "";
				LD_RUNPATH_SEARCH_PATHS = (
					"$(inherited)",
					"@executable_path/Frameworks",
					"@executable_path/../../Frameworks",
				);
				MARKETING_VERSION = 1.0;
				PRODUCT_BUNDLE_IDENTIFIER = ferhatadiyeke.SafariExtension.Extension;
				PRODUCT_NAME = "$(TARGET_NAME)";
				PROVISIONING_PROFILE_SPECIFIER = "";
				SKIP_INSTALL = YES;
				SWIFT_EMIT_LOC_STRINGS = YES;
				SWIFT_VERSION = 5.0;
				TARGETED_DEVICE_FAMILY = "1,2";
			};
			name = Debug;
		};
		22CBA25528E8A2840027C0BE /* Release */ = {
			isa = XCBuildConfiguration;
			buildSettings = {
				CODE_SIGN_IDENTITY = "Apple Development";
				CODE_SIGN_STYLE = Automatic;
				CURRENT_PROJECT_VERSION = 1;
				DEVELOPMENT_TEAM = "";
				GENERATE_INFOPLIST_FILE = YES;
				INFOPLIST_FILE = Extension/Info.plist;
				INFOPLIST_KEY_CFBundleDisplayName = Extension;
				INFOPLIST_KEY_NSHumanReadableCopyright = "";
				LD_RUNPATH_SEARCH_PATHS = (
					"$(inherited)",
					"@executable_path/Frameworks",
					"@executable_path/../../Frameworks",
				);
				MARKETING_VERSION = 1.0;
				PRODUCT_BUNDLE_IDENTIFIER = ferhatadiyeke.SafariExtension.Extension;
				PRODUCT_NAME = "$(TARGET_NAME)";
				PROVISIONING_PROFILE_SPECIFIER = "";
				SKIP_INSTALL = YES;
				SWIFT_EMIT_LOC_STRINGS = YES;
				SWIFT_VERSION = 5.0;
				TARGETED_DEVICE_FAMILY = "1,2";
			};
			name = Release;
		};
/* End XCBuildConfiguration section */

/* Begin XCConfigurationList section */
		22CBA22328E8A1260027C0BE /* Build configuration list for PBXProject "SafariExtension" */ = {
			isa = XCConfigurationList;
			buildConfigurations = (
				22CBA23A28E8A1280027C0BE /* Debug */,
				22CBA23B28E8A1280027C0BE /* Release */,
			);
			defaultConfigurationIsVisible = 0;
			defaultConfigurationName = Release;
		};
		22CBA23C28E8A1280027C0BE /* Build configuration list for PBXNativeTarget "SafariExtension" */ = {
			isa = XCConfigurationList;
			buildConfigurations = (
				22CBA23D28E8A1280027C0BE /* Debug */,
				22CBA23E28E8A1280027C0BE /* Release */,
			);
			defaultConfigurationIsVisible = 0;
			defaultConfigurationName = Release;
		};
		22CBA25328E8A2840027C0BE /* Build configuration list for PBXNativeTarget "Extension" */ = {
			isa = XCConfigurationList;
			buildConfigurations = (
				22CBA25428E8A2840027C0BE /* Debug */,
				22CBA25528E8A2840027C0BE /* Release */,
			);
			defaultConfigurationIsVisible = 0;
			defaultConfigurationName = Release;
		};
/* End XCConfigurationList section */
	};
	rootObject = 22CBA22028E8A1260027C0BE /* Project object */;
}
